{
  "originHash" : "fe0e4f745e80a39791f1b8ef36548292381488f2cde2c7d12cd93483d64241da",
  "pins" : [
    {
      "identity" : "screchkit",
      "kind" : "remoteSourceControl",
      "location" : "https://github.com/TopScrech/ScrechKit",
      "state" : {
        "revision" : "f82c5e26092d1c9ea91f9b9199390250f6e22107",
        "version" : "0.9.0"
      }
    }
  ],
  "version" : 3
}
