{
  "originHash" : "9614a6d184db1b85e76e339c5b40e0d9d87b5048b37841466eec8a19d8cd4c1b",
  "pins" : [
    {
      "identity" : "launchatlogin",
      "kind" : "remoteSourceControl",
      "location" : "https://github.com/TopScrech/LaunchAtLogin",
      "state" : {
        "branch" : "main",
        "revision" : "2bf099bd06f8f8de4989cbb7dfd721edd585bb0b"
      }
    },
    {
      "identity" : "safaricover",
      "kind" : "remoteSourceControl",
      "location" : "https://github.com/TopScrech/SafariCover",
      "state" : {
        "branch" : "main",
        "revision" : "53823cbe9ca2ab959958ef42b935a988d07dff91"
      }
    },
    {
      "identity" : "screchkit",
      "kind" : "remoteSourceControl",
      "location" : "https://github.com/TopScrech/ScrechKit",
      "state" : {
        "branch" : "main",
        "revision" : "28f4be08c8801f324b0c6e107edf5982291296f6"
      }
    },
    {
      "identity" : "swiftyjson",
      "kind" : "remoteSourceControl",
      "location" : "https://github.com/SwiftyJSON/SwiftyJSON",
      "state" : {
        "revision" : "af76cf3ef710b6ca5f8c05f3a31307d44a3c5828",
        "version" : "5.0.2"
      }
    },
    {
      "identity" : "systemkit",
      "kind" : "remoteSourceControl",
      "location" : "https://github.com/gao-sun/SystemKit",
      "state" : {
        "branch" : "master",
        "revision" : "60fbc2e3ccb54850046703d4e32ab6ecccbaf046"
      }
    }
  ],
  "version" : 3
}
